{
  "name": "superpowers-common-text-editor-widget-plugin",
  "version": "1.0.0",
  "lockfileVersion": 1,
  "requires": true,
  "dependencies": {
    "@types/codemirror": {
      "version": "0.0.34",
      "resolved": "https://registry.npmjs.org/@types/codemirror/-/codemirror-0.0.34.tgz",
      "integrity": "sha1-lGRIYH5Ama+F7KiDXRpP8zyY0hk=",
      "dev": true
    },
    "codemirror": {
      "version": "5.30.0",
      "resolved": "https://registry.npmjs.org/codemirror/-/codemirror-5.30.0.tgz",
      "integrity": "sha512-pfJV/7fLAUUenuGK3iANkQu1AxNLuWpeF7HV6YFDjSBMp53F8FTa2F6oPs9NKAHFweT2m08usmXUIA+7sohdew==",
      "dev": true
    },
    "operational-transform": {
      "version": "0.2.3",
      "resolved": "https://registry.npmjs.org/operational-transform/-/operational-transform-0.2.3.tgz",
      "integrity": "sha1-zzJ3QxK0u5pGR465Sfpqyq3V1Ag="
    }
  }
}
