{
  "name": "superpowers-common-three-plugin",
  "version": "1.0.0",
  "lockfileVersion": 1,
  "requires": true,
  "dependencies": {
    "@types/three": {
      "version": "0.0.24",
      "resolved": "https://registry.npmjs.org/@types/three/-/three-0.0.24.tgz",
      "integrity": "sha1-PtF9zL+dODtu8ngD42npEn4zlVk=",
      "dev": true
    },
    "three": {
      "version": "0.87.1",
      "resolved": "https://registry.npmjs.org/three/-/three-0.87.1.tgz",
      "integrity": "sha1-Rmo07cRUNFnO2bnX0na2Uhb+K6g="
    }
  }
}
