{
  "name": "superpowers-common-documentation-plugin",
  "version": "1.0.0",
  "lockfileVersion": 1,
  "requires": true,
  "dependencies": {
    "@types/marked": {
      "version": "0.6.2",
      "resolved": "https://registry.npmjs.org/@types/marked/-/marked-0.6.2.tgz",
      "integrity": "sha512-yl4Y+AXghz2VWsrIK0rXJpYYcKI1sIbaLoa+ByHq7WFHZfuN0+iJMtgn0zIXh1/DbKn6BIbp9oHuHZjEIb7QlQ==",
      "dev": true
    },
    "marked": {
      "version": "0.6.1",
      "resolved": "https://registry.npmjs.org/marked/-/marked-0.6.1.tgz",
      "integrity": "sha512-+H0L3ibcWhAZE02SKMqmvYsErLo4EAVJxu5h3bHBBDvvjeWXtl92rGUSBYHL2++5Y+RSNgl8dYOAXcYe7lp1fA=="
    }
  }
}
