{
  "name": "superpowers-common-documentation-plugin",
  "version": "1.0.0",
  "lockfileVersion": 1,
  "requires": true,
  "dependencies": {
    "@types/marked": {
      "version": "0.0.28",
      "resolved": "https://registry.npmjs.org/@types/marked/-/marked-0.0.28.tgz",
      "integrity": "sha1-RLp1Tp+lFDJYPo6zCnxN0km1L6o=",
      "dev": true
    },
    "marked": {
      "version": "0.3.6",
      "resolved": "https://registry.npmjs.org/marked/-/marked-0.3.6.tgz",
      "integrity": "sha1-ssbGGPzOzk74bE/Gy4p8v1rtqNc="
    }
  }
}
